
Microsoft Visual Studio Solution File, Format Version 12.00
# Visual Studio Version 16
VisualStudioVersion = 16.0.28803.352
MinimumVisualStudioVersion = 10.0.40219.1
Project("{9A19103F-16F7-4668-BE54-9A1E7A4F7556}") = "ProvaLogicaProgramacao", "ProvaLogicaProgramacao\ProvaLogicaProgramacao.csproj", "{EF41831D-8659-4C72-BA67-409C3380E403}"
EndProject
Project("{9A19103F-16F7-4668-BE54-9A1E7A4F7556}") = "EnumeracaoComposicao", "EnumeracaoComposicao\EnumeracaoComposicao.csproj", "{ABBAB03E-23B0-4229-8928-0E2F6E94F037}"
EndProject
Project("{9A19103F-16F7-4668-BE54-9A1E7A4F7556}") = "Polimorfismo", "Polimorfismo\Polimorfismo.csproj", "{81863494-3261-40F9-80C7-828F37CC0FE6}"
EndProject
Project("{9A19103F-16F7-4668-BE54-9A1E7A4F7556}") = "Abstrato", "Abstrato\Abstrato.csproj", "{89B6B7DA-D833-40A9-BA61-3E9E404DF546}"
EndProject
Project("{9A19103F-16F7-4668-BE54-9A1E7A4F7556}") = "Exception", "Exception\Exception.csproj", "{A6A426FE-3111-44BF-971D-B76252DC9730}"
EndProject
Project("{9A19103F-16F7-4668-BE54-9A1E7A4F7556}") = "XadrezConsole", "XadrezConsole\XadrezConsole.csproj", "{45E2EE04-F74D-411A-B38C-F59F8EEEA6E1}"
EndProject
Project("{9A19103F-16F7-4668-BE54-9A1E7A4F7556}") = "Conjunto", "Conjunto\Conjunto.csproj", "{F33735AA-F772-4743-9685-7CCB2E5710CC}"
EndProject
Project("{9A19103F-16F7-4668-BE54-9A1E7A4F7556}") = "Lista", "Lista\Lista.csproj", "{A984F1FC-FC4D-46E6-B330-5B67FC036EBA}"
EndProject
Project("{9A19103F-16F7-4668-BE54-9A1E7A4F7556}") = "Arquivos", "Arquivos\Arquivos.csproj", "{17AE6CDF-B587-46F6-8119-A363374881E0}"
EndProject
Project("{9A19103F-16F7-4668-BE54-9A1E7A4F7556}") = "Arquivos2", "Arquivos2\Arquivos2.csproj", "{ABF953EE-435D-4396-899E-E0496D3F34BB}"
EndProject
Project("{FAE04EC0-301F-11D3-BF4B-00C04F79EFBC}") = "ExtensionMethods", "ExtensionMethods\ExtensionMethods.csproj", "{617A1F92-1689-4BF1-80BF-C7F50729BCD8}"
EndProject
Global
	GlobalSection(SolutionConfigurationPlatforms) = preSolution
		Debug|Any CPU = Debug|Any CPU
		Release|Any CPU = Release|Any CPU
	EndGlobalSection
	GlobalSection(ProjectConfigurationPlatforms) = postSolution
		{EF41831D-8659-4C72-BA67-409C3380E403}.Debug|Any CPU.ActiveCfg = Debug|Any CPU
		{EF41831D-8659-4C72-BA67-409C3380E403}.Debug|Any CPU.Build.0 = Debug|Any CPU
		{EF41831D-8659-4C72-BA67-409C3380E403}.Release|Any CPU.ActiveCfg = Release|Any CPU
		{EF41831D-8659-4C72-BA67-409C3380E403}.Release|Any CPU.Build.0 = Release|Any CPU
		{ABBAB03E-23B0-4229-8928-0E2F6E94F037}.Debug|Any CPU.ActiveCfg = Debug|Any CPU
		{ABBAB03E-23B0-4229-8928-0E2F6E94F037}.Debug|Any CPU.Build.0 = Debug|Any CPU
		{ABBAB03E-23B0-4229-8928-0E2F6E94F037}.Release|Any CPU.ActiveCfg = Release|Any CPU
		{ABBAB03E-23B0-4229-8928-0E2F6E94F037}.Release|Any CPU.Build.0 = Release|Any CPU
		{81863494-3261-40F9-80C7-828F37CC0FE6}.Debug|Any CPU.ActiveCfg = Debug|Any CPU
		{81863494-3261-40F9-80C7-828F37CC0FE6}.Debug|Any CPU.Build.0 = Debug|Any CPU
		{81863494-3261-40F9-80C7-828F37CC0FE6}.Release|Any CPU.ActiveCfg = Release|Any CPU
		{81863494-3261-40F9-80C7-828F37CC0FE6}.Release|Any CPU.Build.0 = Release|Any CPU
		{89B6B7DA-D833-40A9-BA61-3E9E404DF546}.Debug|Any CPU.ActiveCfg = Debug|Any CPU
		{89B6B7DA-D833-40A9-BA61-3E9E404DF546}.Debug|Any CPU.Build.0 = Debug|Any CPU
		{89B6B7DA-D833-40A9-BA61-3E9E404DF546}.Release|Any CPU.ActiveCfg = Release|Any CPU
		{89B6B7DA-D833-40A9-BA61-3E9E404DF546}.Release|Any CPU.Build.0 = Release|Any CPU
		{A6A426FE-3111-44BF-971D-B76252DC9730}.Debug|Any CPU.ActiveCfg = Debug|Any CPU
		{A6A426FE-3111-44BF-971D-B76252DC9730}.Debug|Any CPU.Build.0 = Debug|Any CPU
		{A6A426FE-3111-44BF-971D-B76252DC9730}.Release|Any CPU.ActiveCfg = Release|Any CPU
		{A6A426FE-3111-44BF-971D-B76252DC9730}.Release|Any CPU.Build.0 = Release|Any CPU
		{45E2EE04-F74D-411A-B38C-F59F8EEEA6E1}.Debug|Any CPU.ActiveCfg = Debug|Any CPU
		{45E2EE04-F74D-411A-B38C-F59F8EEEA6E1}.Debug|Any CPU.Build.0 = Debug|Any CPU
		{45E2EE04-F74D-411A-B38C-F59F8EEEA6E1}.Release|Any CPU.ActiveCfg = Release|Any CPU
		{45E2EE04-F74D-411A-B38C-F59F8EEEA6E1}.Release|Any CPU.Build.0 = Release|Any CPU
		{F33735AA-F772-4743-9685-7CCB2E5710CC}.Debug|Any CPU.ActiveCfg = Debug|Any CPU
		{F33735AA-F772-4743-9685-7CCB2E5710CC}.Debug|Any CPU.Build.0 = Debug|Any CPU
		{F33735AA-F772-4743-9685-7CCB2E5710CC}.Release|Any CPU.ActiveCfg = Release|Any CPU
		{F33735AA-F772-4743-9685-7CCB2E5710CC}.Release|Any CPU.Build.0 = Release|Any CPU
		{A984F1FC-FC4D-46E6-B330-5B67FC036EBA}.Debug|Any CPU.ActiveCfg = Debug|Any CPU
		{A984F1FC-FC4D-46E6-B330-5B67FC036EBA}.Debug|Any CPU.Build.0 = Debug|Any CPU
		{A984F1FC-FC4D-46E6-B330-5B67FC036EBA}.Release|Any CPU.ActiveCfg = Release|Any CPU
		{A984F1FC-FC4D-46E6-B330-5B67FC036EBA}.Release|Any CPU.Build.0 = Release|Any CPU
		{17AE6CDF-B587-46F6-8119-A363374881E0}.Debug|Any CPU.ActiveCfg = Debug|Any CPU
		{17AE6CDF-B587-46F6-8119-A363374881E0}.Debug|Any CPU.Build.0 = Debug|Any CPU
		{17AE6CDF-B587-46F6-8119-A363374881E0}.Release|Any CPU.ActiveCfg = Release|Any CPU
		{17AE6CDF-B587-46F6-8119-A363374881E0}.Release|Any CPU.Build.0 = Release|Any CPU
		{ABF953EE-435D-4396-899E-E0496D3F34BB}.Debug|Any CPU.ActiveCfg = Debug|Any CPU
		{ABF953EE-435D-4396-899E-E0496D3F34BB}.Debug|Any CPU.Build.0 = Debug|Any CPU
		{ABF953EE-435D-4396-899E-E0496D3F34BB}.Release|Any CPU.ActiveCfg = Release|Any CPU
		{ABF953EE-435D-4396-899E-E0496D3F34BB}.Release|Any CPU.Build.0 = Release|Any CPU
		{617A1F92-1689-4BF1-80BF-C7F50729BCD8}.Debug|Any CPU.ActiveCfg = Debug|Any CPU
		{617A1F92-1689-4BF1-80BF-C7F50729BCD8}.Debug|Any CPU.Build.0 = Debug|Any CPU
		{617A1F92-1689-4BF1-80BF-C7F50729BCD8}.Release|Any CPU.ActiveCfg = Release|Any CPU
		{617A1F92-1689-4BF1-80BF-C7F50729BCD8}.Release|Any CPU.Build.0 = Release|Any CPU
	EndGlobalSection
	GlobalSection(SolutionProperties) = preSolution
		HideSolutionNode = FALSE
	EndGlobalSection
	GlobalSection(ExtensibilityGlobals) = postSolution
		SolutionGuid = {75AB3119-3660-43AE-A267-E9ED57E4AE8A}
	EndGlobalSection
EndGlobal
